
Microsoft Visual Studio Solution File, Format Version 12.00
# Visual Studio Version 17
VisualStudioVersion = 17.3.32922.545
MinimumVisualStudioVersion = 10.0.40219.1
Project("{FAE04EC0-301F-11D3-BF4B-00C04F79EFBC}") = "tempconvsimple", "tempconvsimple.csproj", "{45A751CF-6684-443E-96FB-77A30735458D}"
EndProject
Global
	GlobalSection(SolutionConfigurationPlatforms) = preSolution
		Debug|Any CPU = Debug|Any CPU
		Release|Any CPU = Release|Any CPU
	EndGlobalSection
	GlobalSection(ProjectConfigurationPlatforms) = postSolution
		{45A751CF-6684-443E-96FB-77A30735458D}.Debug|Any CPU.ActiveCfg = Debug|Any CPU
		{45A751CF-6684-443E-96FB-77A30735458D}.Debug|Any CPU.Build.0 = Debug|Any CPU
		{45A751CF-6684-443E-96FB-77A30735458D}.Release|Any CPU.ActiveCfg = Release|Any CPU
		{45A751CF-6684-443E-96FB-77A30735458D}.Release|Any CPU.Build.0 = Release|Any CPU
	EndGlobalSection
	GlobalSection(SolutionProperties) = preSolution
		HideSolutionNode = FALSE
	EndGlobalSection
	GlobalSection(ExtensibilityGlobals) = postSolution
		SolutionGuid = {98F454BC-32A2-4854-B6EE-2F63B467A434}
	EndGlobalSection
EndGlobal
