
Microsoft Visual Studio Solution File, Format Version 12.00
# Visual Studio Version 17
VisualStudioVersion = 17.3.32922.545
MinimumVisualStudioVersion = 10.0.40219.1
Project("{FAE04EC0-301F-11D3-BF4B-00C04F79EFBC}") = "ToDo", "ToDo\ToDo.csproj", "{D833D69E-4F13-488A-99CF-DD283CB883E6}"
EndProject
Global
	GlobalSection(SolutionConfigurationPlatforms) = preSolution
		Debug|Any CPU = Debug|Any CPU
		Release|Any CPU = Release|Any CPU
	EndGlobalSection
	GlobalSection(ProjectConfigurationPlatforms) = postSolution
		{D833D69E-4F13-488A-99CF-DD283CB883E6}.Debug|Any CPU.ActiveCfg = Debug|Any CPU
		{D833D69E-4F13-488A-99CF-DD283CB883E6}.Debug|Any CPU.Build.0 = Debug|Any CPU
		{D833D69E-4F13-488A-99CF-DD283CB883E6}.Release|Any CPU.ActiveCfg = Release|Any CPU
		{D833D69E-4F13-488A-99CF-DD283CB883E6}.Release|Any CPU.Build.0 = Release|Any CPU
	EndGlobalSection
	GlobalSection(SolutionProperties) = preSolution
		HideSolutionNode = FALSE
	EndGlobalSection
	GlobalSection(ExtensibilityGlobals) = postSolution
		SolutionGuid = {FAFAF0D5-2CDD-4D0E-AEE8-53C7B105AD5A}
	EndGlobalSection
EndGlobal
