
Microsoft Visual Studio Solution File, Format Version 12.00
# Visual Studio Version 17
VisualStudioVersion = 17.3.32922.545
MinimumVisualStudioVersion = 10.0.40219.1
Project("{FAE04EC0-301F-11D3-BF4B-00C04F79EFBC}") = "Day01PeopleListInFile", "Day01PeopleListInFile.csproj", "{60B96CB7-A0FE-4EB9-85F7-E787894C32DD}"
EndProject
Global
	GlobalSection(SolutionConfigurationPlatforms) = preSolution
		Debug|Any CPU = Debug|Any CPU
		Release|Any CPU = Release|Any CPU
	EndGlobalSection
	GlobalSection(ProjectConfigurationPlatforms) = postSolution
		{60B96CB7-A0FE-4EB9-85F7-E787894C32DD}.Debug|Any CPU.ActiveCfg = Debug|Any CPU
		{60B96CB7-A0FE-4EB9-85F7-E787894C32DD}.Debug|Any CPU.Build.0 = Debug|Any CPU
		{60B96CB7-A0FE-4EB9-85F7-E787894C32DD}.Release|Any CPU.ActiveCfg = Release|Any CPU
		{60B96CB7-A0FE-4EB9-85F7-E787894C32DD}.Release|Any CPU.Build.0 = Release|Any CPU
	EndGlobalSection
	GlobalSection(SolutionProperties) = preSolution
		HideSolutionNode = FALSE
	EndGlobalSection
	GlobalSection(ExtensibilityGlobals) = postSolution
		SolutionGuid = {5036B25C-63E2-4A9D-93ED-ED4541D117D7}
	EndGlobalSection
EndGlobal
