
Microsoft Visual Studio Solution File, Format Version 12.00
# Visual Studio Version 17
VisualStudioVersion = 17.3.32922.545
MinimumVisualStudioVersion = 10.0.40219.1
Project("{FAE04EC0-301F-11D3-BF4B-00C04F79EFBC}") = "Day05FirstEFConsole", "Day05FirstEFConsole\Day05FirstEFConsole.csproj", "{A6648192-0D80-4DFA-BB00-5EE77F1A3BCC}"
EndProject
Global
	GlobalSection(SolutionConfigurationPlatforms) = preSolution
		Debug|Any CPU = Debug|Any CPU
		Release|Any CPU = Release|Any CPU
	EndGlobalSection
	GlobalSection(ProjectConfigurationPlatforms) = postSolution
		{A6648192-0D80-4DFA-BB00-5EE77F1A3BCC}.Debug|Any CPU.ActiveCfg = Debug|Any CPU
		{A6648192-0D80-4DFA-BB00-5EE77F1A3BCC}.Debug|Any CPU.Build.0 = Debug|Any CPU
		{A6648192-0D80-4DFA-BB00-5EE77F1A3BCC}.Release|Any CPU.ActiveCfg = Release|Any CPU
		{A6648192-0D80-4DFA-BB00-5EE77F1A3BCC}.Release|Any CPU.Build.0 = Release|Any CPU
	EndGlobalSection
	GlobalSection(SolutionProperties) = preSolution
		HideSolutionNode = FALSE
	EndGlobalSection
	GlobalSection(ExtensibilityGlobals) = postSolution
		SolutionGuid = {09D5C304-3735-444F-811C-38528DECAB8B}
	EndGlobalSection
EndGlobal
